
Microsoft Visual Studio Solution File, Format Version 12.00
# Visual Studio Version 16
VisualStudioVersion = 16.0.31829.152
MinimumVisualStudioVersion = 10.0.40219.1
Project("{FAE04EC0-301F-11D3-BF4B-00C04F79EFBC}") = "TheGarageSetup", "TheGarageSetup\TheGarageSetup.csproj", "{0B5C7648-1384-48F2-B648-CF3097669882}"
EndProject
Global
	GlobalSection(SolutionConfigurationPlatforms) = preSolution
		Debug|Any CPU = Debug|Any CPU
		Release|Any CPU = Release|Any CPU
	EndGlobalSection
	GlobalSection(ProjectConfigurationPlatforms) = postSolution
		{0B5C7648-1384-48F2-B648-CF3097669882}.Debug|Any CPU.ActiveCfg = Debug|Any CPU
		{0B5C7648-1384-48F2-B648-CF3097669882}.Debug|Any CPU.Build.0 = Debug|Any CPU
		{0B5C7648-1384-48F2-B648-CF3097669882}.Release|Any CPU.ActiveCfg = Release|Any CPU
		{0B5C7648-1384-48F2-B648-CF3097669882}.Release|Any CPU.Build.0 = Release|Any CPU
	EndGlobalSection
	GlobalSection(SolutionProperties) = preSolution
		HideSolutionNode = FALSE
	EndGlobalSection
	GlobalSection(ExtensibilityGlobals) = postSolution
		SolutionGuid = {C0F2C85B-9E0B-4B93-850E-7750CC195149}
	EndGlobalSection
EndGlobal
